// !$*UTF8*$!
{
	archiveVersion = 1;
	classes = {
	};
	objectVersion = 46;
	objects = {

/* Begin PBXBuildFile section */
		653EBAE41B7C59150000607F /* Card.m in Sources */ = {isa = PBXBuildFile; fileRef = 653EBAE31B7C59150000607F /* Card.m */; };
		653EBAED1B7C5D240000607F /* Game.m in Sources */ = {isa = PBXBuildFile; fileRef = 653EBAEC1B7C5D240000607F /* Game.m */; };
		653EBAF11B7C5DC40000607F /* DeckHelper.m in Sources */ = {isa = PBXBuildFile; fileRef = 653EBAF01B7C5DC40000607F /* DeckHelper.m */; };
		653EBAF51B7C61520000607F /* GameManager.m in Sources */ = {isa = PBXBuildFile; fileRef = 653EBAF41B7C61520000607F /* GameManager.m */; };
		653EBAF81B7C61A90000607F /* Models.h in CopyFiles */ = {isa = PBXBuildFile; fileRef = 653EBAF61B7C61710000607F /* Models.h */; };
		654508151B916E2B00F8DEBC /* HandViewModel.m in Sources */ = {isa = PBXBuildFile; fileRef = 654508141B916E2B00F8DEBC /* HandViewModel.m */; };
		654508181B916E9D00F8DEBC /* CardTableViewCell.m in Sources */ = {isa = PBXBuildFile; fileRef = 654508171B916E9D00F8DEBC /* CardTableViewCell.m */; };
		6545081B1B91775900F8DEBC /* Player.m in Sources */ = {isa = PBXBuildFile; fileRef = 6545081A1B91775900F8DEBC /* Player.m */; };
		65E66F891B7C55BC00DC4B2E /* main.m in Sources */ = {isa = PBXBuildFile; fileRef = 65E66F881B7C55BC00DC4B2E /* main.m */; };
		65E66F941B7C55BC00DC4B2E /* Images.xcassets in Resources */ = {isa = PBXBuildFile; fileRef = 65E66F931B7C55BC00DC4B2E /* Images.xcassets */; };
		65E66FA31B7C55BC00DC4B2E /* NinesTests.m in Sources */ = {isa = PBXBuildFile; fileRef = 65E66FA21B7C55BC00DC4B2E /* NinesTests.m */; };
		65E66FBD1B7C573700DC4B2E /* LaunchScreen.xib in Resources */ = {isa = PBXBuildFile; fileRef = 65E66FB01B7C573700DC4B2E /* LaunchScreen.xib */; };
		65E66FBE1B7C573700DC4B2E /* Main.storyboard in Resources */ = {isa = PBXBuildFile; fileRef = 65E66FB11B7C573700DC4B2E /* Main.storyboard */; };
		65E66FBF1B7C573700DC4B2E /* AppDelegate.m in Sources */ = {isa = PBXBuildFile; fileRef = 65E66FB51B7C573700DC4B2E /* AppDelegate.m */; };
		65E66FC01B7C573700DC4B2E /* GameViewController.m in Sources */ = {isa = PBXBuildFile; fileRef = 65E66FBA1B7C573700DC4B2E /* GameViewController.m */; };
/* End PBXBuildFile section */

/* Begin PBXContainerItemProxy section */
		65E66F9D1B7C55BC00DC4B2E /* PBXContainerItemProxy */ = {
			isa = PBXContainerItemProxy;
			containerPortal = 65E66F7B1B7C55BC00DC4B2E /* Project object */;
			proxyType = 1;
			remoteGlobalIDString = 65E66F821B7C55BC00DC4B2E;
			remoteInfo = Nines;
		};
/* End PBXContainerItemProxy section */

/* Begin PBXCopyFilesBuildPhase section */
		653EBAF71B7C61A40000607F /* CopyFiles */ = {
			isa = PBXCopyFilesBuildPhase;
			buildActionMask = 2147483647;
			dstPath = "";
			dstSubfolderSpec = 7;
			files = (
				653EBAF81B7C61A90000607F /* Models.h in CopyFiles */,
			);
			runOnlyForDeploymentPostprocessing = 0;
		};
/* End PBXCopyFilesBuildPhase section */

/* Begin PBXFileReference section */
		653EBAE21B7C59150000607F /* Card.h */ = {isa = PBXFileReference; fileEncoding = 4; lastKnownFileType = sourcecode.c.h; path = Card.h; sourceTree = "<group>"; };
		653EBAE31B7C59150000607F /* Card.m */ = {isa = PBXFileReference; fileEncoding = 4; lastKnownFileType = sourcecode.c.objc; path = Card.m; sourceTree = "<group>"; };
		653EBAE81B7C5B730000607F /* Player.h */ = {isa = PBXFileReference; fileEncoding = 4; lastKnownFileType = sourcecode.c.h; path = Player.h; sourceTree = "<group>"; };
		653EBAEB1B7C5D240000607F /* Game.h */ = {isa = PBXFileReference; fileEncoding = 4; lastKnownFileType = sourcecode.c.h; path = Game.h; sourceTree = "<group>"; };
		653EBAEC1B7C5D240000607F /* Game.m */ = {isa = PBXFileReference; fileEncoding = 4; lastKnownFileType = sourcecode.c.objc; path = Game.m; sourceTree = "<group>"; };
		653EBAEF1B7C5DC40000607F /* DeckHelper.h */ = {isa = PBXFileReference; fileEncoding = 4; lastKnownFileType = sourcecode.c.h; path = DeckHelper.h; sourceTree = "<group>"; };
		653EBAF01B7C5DC40000607F /* DeckHelper.m */ = {isa = PBXFileReference; fileEncoding = 4; lastKnownFileType = sourcecode.c.objc; path = DeckHelper.m; sourceTree = "<group>"; };
		653EBAF31B7C61520000607F /* GameManager.h */ = {isa = PBXFileReference; fileEncoding = 4; lastKnownFileType = sourcecode.c.h; path = GameManager.h; sourceTree = "<group>"; };
		653EBAF41B7C61520000607F /* GameManager.m */ = {isa = PBXFileReference; fileEncoding = 4; lastKnownFileType = sourcecode.c.objc; path = GameManager.m; sourceTree = "<group>"; };
		653EBAF61B7C61710000607F /* Models.h */ = {isa = PBXFileReference; lastKnownFileType = sourcecode.c.h; path = Models.h; sourceTree = "<group>"; };
		654508131B916E2B00F8DEBC /* HandViewModel.h */ = {isa = PBXFileReference; fileEncoding = 4; lastKnownFileType = sourcecode.c.h; path = HandViewModel.h; sourceTree = "<group>"; };
		654508141B916E2B00F8DEBC /* HandViewModel.m */ = {isa = PBXFileReference; fileEncoding = 4; lastKnownFileType = sourcecode.c.objc; path = HandViewModel.m; sourceTree = "<group>"; };
		654508161B916E9D00F8DEBC /* CardTableViewCell.h */ = {isa = PBXFileReference; fileEncoding = 4; lastKnownFileType = sourcecode.c.h; path = CardTableViewCell.h; sourceTree = "<group>"; };
		654508171B916E9D00F8DEBC /* CardTableViewCell.m */ = {isa = PBXFileReference; fileEncoding = 4; lastKnownFileType = sourcecode.c.objc; path = CardTableViewCell.m; sourceTree = "<group>"; };
		6545081A1B91775900F8DEBC /* Player.m */ = {isa = PBXFileReference; fileEncoding = 4; lastKnownFileType = sourcecode.c.objc; path = Player.m; sourceTree = "<group>"; };
		65E66F831B7C55BC00DC4B2E /* Nines.app */ = {isa = PBXFileReference; explicitFileType = wrapper.application; includeInIndex = 0; path = Nines.app; sourceTree = BUILT_PRODUCTS_DIR; };
		65E66F871B7C55BC00DC4B2E /* Info.plist */ = {isa = PBXFileReference; lastKnownFileType = text.plist.xml; path = Info.plist; sourceTree = "<group>"; };
		65E66F881B7C55BC00DC4B2E /* main.m */ = {isa = PBXFileReference; lastKnownFileType = sourcecode.c.objc; path = main.m; sourceTree = "<group>"; };
		65E66F931B7C55BC00DC4B2E /* Images.xcassets */ = {isa = PBXFileReference; lastKnownFileType = folder.assetcatalog; path = Images.xcassets; sourceTree = "<group>"; };
		65E66F9C1B7C55BC00DC4B2E /* NinesTests.xctest */ = {isa = PBXFileReference; explicitFileType = wrapper.cfbundle; includeInIndex = 0; path = NinesTests.xctest; sourceTree = BUILT_PRODUCTS_DIR; };
		65E66FA11B7C55BC00DC4B2E /* Info.plist */ = {isa = PBXFileReference; lastKnownFileType = text.plist.xml; path = Info.plist; sourceTree = "<group>"; };
		65E66FA21B7C55BC00DC4B2E /* NinesTests.m */ = {isa = PBXFileReference; lastKnownFileType = sourcecode.c.objc; path = NinesTests.m; sourceTree = "<group>"; };
		65E66FB01B7C573700DC4B2E /* LaunchScreen.xib */ = {isa = PBXFileReference; fileEncoding = 4; lastKnownFileType = file.xib; path = LaunchScreen.xib; sourceTree = "<group>"; };
		65E66FB11B7C573700DC4B2E /* Main.storyboard */ = {isa = PBXFileReference; fileEncoding = 4; lastKnownFileType = file.storyboard; path = Main.storyboard; sourceTree = "<group>"; };
		65E66FB41B7C573700DC4B2E /* AppDelegate.h */ = {isa = PBXFileReference; fileEncoding = 4; lastKnownFileType = sourcecode.c.h; path = AppDelegate.h; sourceTree = "<group>"; };
		65E66FB51B7C573700DC4B2E /* AppDelegate.m */ = {isa = PBXFileReference; fileEncoding = 4; lastKnownFileType = sourcecode.c.objc; path = AppDelegate.m; sourceTree = "<group>"; };
		65E66FB91B7C573700DC4B2E /* GameViewController.h */ = {isa = PBXFileReference; fileEncoding = 4; lastKnownFileType = sourcecode.c.h; path = GameViewController.h; sourceTree = "<group>"; };
		65E66FBA1B7C573700DC4B2E /* GameViewController.m */ = {isa = PBXFileReference; fileEncoding = 4; lastKnownFileType = sourcecode.c.objc; path = GameViewController.m; sourceTree = "<group>"; };
/* End PBXFileReference section */

/* Begin PBXFrameworksBuildPhase section */
		65E66F801B7C55BC00DC4B2E /* Frameworks */ = {
			isa = PBXFrameworksBuildPhase;
			buildActionMask = 2147483647;
			files = (
			);
			runOnlyForDeploymentPostprocessing = 0;
		};
		65E66F991B7C55BC00DC4B2E /* Frameworks */ = {
			isa = PBXFrameworksBuildPhase;
			buildActionMask = 2147483647;
			files = (
			);
			runOnlyForDeploymentPostprocessing = 0;
		};
/* End PBXFrameworksBuildPhase section */

/* Begin PBXGroup section */
		653EBAF21B7C61440000607F /* GameObjects */ = {
			isa = PBXGroup;
			children = (
				653EBAF31B7C61520000607F /* GameManager.h */,
				653EBAF41B7C61520000607F /* GameManager.m */,
			);
			path = GameObjects;
			sourceTree = "<group>";
		};
		65E66F7A1B7C55BC00DC4B2E = {
			isa = PBXGroup;
			children = (
				65E66F851B7C55BC00DC4B2E /* Nines */,
				65E66F9F1B7C55BC00DC4B2E /* NinesTests */,
				65E66F841B7C55BC00DC4B2E /* Products */,
			);
			sourceTree = "<group>";
		};
		65E66F841B7C55BC00DC4B2E /* Products */ = {
			isa = PBXGroup;
			children = (
				65E66F831B7C55BC00DC4B2E /* Nines.app */,
				65E66F9C1B7C55BC00DC4B2E /* NinesTests.xctest */,
			);
			name = Products;
			sourceTree = "<group>";
		};
		65E66F851B7C55BC00DC4B2E /* Nines */ = {
			isa = PBXGroup;
			children = (
				65E66FB21B7C573700DC4B2E /* Source */,
				65E66FAC1B7C573700DC4B2E /* Resouces */,
				65E66F931B7C55BC00DC4B2E /* Images.xcassets */,
				65E66F861B7C55BC00DC4B2E /* Supporting Files */,
			);
			path = Nines;
			sourceTree = "<group>";
		};
		65E66F861B7C55BC00DC4B2E /* Supporting Files */ = {
			isa = PBXGroup;
			children = (
				65E66F871B7C55BC00DC4B2E /* Info.plist */,
				65E66F881B7C55BC00DC4B2E /* main.m */,
			);
			name = "Supporting Files";
			sourceTree = "<group>";
		};
		65E66F9F1B7C55BC00DC4B2E /* NinesTests */ = {
			isa = PBXGroup;
			children = (
				65E66FA21B7C55BC00DC4B2E /* NinesTests.m */,
				65E66FA01B7C55BC00DC4B2E /* Supporting Files */,
			);
			path = NinesTests;
			sourceTree = "<group>";
		};
		65E66FA01B7C55BC00DC4B2E /* Supporting Files */ = {
			isa = PBXGroup;
			children = (
				65E66FA11B7C55BC00DC4B2E /* Info.plist */,
			);
			name = "Supporting Files";
			sourceTree = "<group>";
		};
		65E66FAC1B7C573700DC4B2E /* Resouces */ = {
			isa = PBXGroup;
			children = (
				65E66FAD1B7C573700DC4B2E /* Images */,
				65E66FAE1B7C573700DC4B2E /* Sounds */,
				65E66FAF1B7C573700DC4B2E /* Storyboards */,
			);
			path = Resouces;
			sourceTree = "<group>";
		};
		65E66FAD1B7C573700DC4B2E /* Images */ = {
			isa = PBXGroup;
			children = (
			);
			path = Images;
			sourceTree = "<group>";
		};
		65E66FAE1B7C573700DC4B2E /* Sounds */ = {
			isa = PBXGroup;
			children = (
			);
			path = Sounds;
			sourceTree = "<group>";
		};
		65E66FAF1B7C573700DC4B2E /* Storyboards */ = {
			isa = PBXGroup;
			children = (
				65E66FB01B7C573700DC4B2E /* LaunchScreen.xib */,
				65E66FB11B7C573700DC4B2E /* Main.storyboard */,
			);
			path = Storyboards;
			sourceTree = "<group>";
		};
		65E66FB21B7C573700DC4B2E /* Source */ = {
			isa = PBXGroup;
			children = (
				65E66FB31B7C573700DC4B2E /* AppDelegate */,
				65E66FB61B7C573700DC4B2E /* Helpers */,
				65E66FB71B7C573700DC4B2E /* Models */,
				653EBAF21B7C61440000607F /* GameObjects */,
				65E66FBB1B7C573700DC4B2E /* ViewModels */,
				65E66FB81B7C573700DC4B2E /* ViewControllers */,
				65E66FBC1B7C573700DC4B2E /* Views */,
			);
			path = Source;
			sourceTree = "<group>";
		};
		65E66FB31B7C573700DC4B2E /* AppDelegate */ = {
			isa = PBXGroup;
			children = (
				65E66FB41B7C573700DC4B2E /* AppDelegate.h */,
				65E66FB51B7C573700DC4B2E /* AppDelegate.m */,
			);
			path = AppDelegate;
			sourceTree = "<group>";
		};
		65E66FB61B7C573700DC4B2E /* Helpers */ = {
			isa = PBXGroup;
			children = (
				653EBAEF1B7C5DC40000607F /* DeckHelper.h */,
				653EBAF01B7C5DC40000607F /* DeckHelper.m */,
			);
			path = Helpers;
			sourceTree = "<group>";
		};
		65E66FB71B7C573700DC4B2E /* Models */ = {
			isa = PBXGroup;
			children = (
				653EBAF61B7C61710000607F /* Models.h */,
				653EBAE21B7C59150000607F /* Card.h */,
				653EBAE31B7C59150000607F /* Card.m */,
				653EBAE81B7C5B730000607F /* Player.h */,
				6545081A1B91775900F8DEBC /* Player.m */,
				653EBAEB1B7C5D240000607F /* Game.h */,
				653EBAEC1B7C5D240000607F /* Game.m */,
			);
			path = Models;
			sourceTree = "<group>";
		};
		65E66FB81B7C573700DC4B2E /* ViewControllers */ = {
			isa = PBXGroup;
			children = (
				65E66FB91B7C573700DC4B2E /* GameViewController.h */,
				65E66FBA1B7C573700DC4B2E /* GameViewController.m */,
			);
			path = ViewControllers;
			sourceTree = "<group>";
		};
		65E66FBB1B7C573700DC4B2E /* ViewModels */ = {
			isa = PBXGroup;
			children = (
				654508131B916E2B00F8DEBC /* HandViewModel.h */,
				654508141B916E2B00F8DEBC /* HandViewModel.m */,
			);
			path = ViewModels;
			sourceTree = "<group>";
		};
		65E66FBC1B7C573700DC4B2E /* Views */ = {
			isa = PBXGroup;
			children = (
				654508161B916E9D00F8DEBC /* CardTableViewCell.h */,
				654508171B916E9D00F8DEBC /* CardTableViewCell.m */,
			);
			path = Views;
			sourceTree = "<group>";
		};
/* End PBXGroup section */

/* Begin PBXNativeTarget section */
		65E66F821B7C55BC00DC4B2E /* Nines */ = {
			isa = PBXNativeTarget;
			buildConfigurationList = 65E66FA61B7C55BC00DC4B2E /* Build configuration list for PBXNativeTarget "Nines" */;
			buildPhases = (
				65E66F7F1B7C55BC00DC4B2E /* Sources */,
				65E66F801B7C55BC00DC4B2E /* Frameworks */,
				65E66F811B7C55BC00DC4B2E /* Resources */,
				653EBAF71B7C61A40000607F /* CopyFiles */,
			);
			buildRules = (
			);
			dependencies = (
			);
			name = Nines;
			productName = Nines;
			productReference = 65E66F831B7C55BC00DC4B2E /* Nines.app */;
			productType = "com.apple.product-type.application";
		};
		65E66F9B1B7C55BC00DC4B2E /* NinesTests */ = {
			isa = PBXNativeTarget;
			buildConfigurationList = 65E66FA91B7C55BC00DC4B2E /* Build configuration list for PBXNativeTarget "NinesTests" */;
			buildPhases = (
				65E66F981B7C55BC00DC4B2E /* Sources */,
				65E66F991B7C55BC00DC4B2E /* Frameworks */,
				65E66F9A1B7C55BC00DC4B2E /* Resources */,
			);
			buildRules = (
			);
			dependencies = (
				65E66F9E1B7C55BC00DC4B2E /* PBXTargetDependency */,
			);
			name = NinesTests;
			productName = NinesTests;
			productReference = 65E66F9C1B7C55BC00DC4B2E /* NinesTests.xctest */;
			productType = "com.apple.product-type.bundle.unit-test";
		};
/* End PBXNativeTarget section */

/* Begin PBXProject section */
		65E66F7B1B7C55BC00DC4B2E /* Project object */ = {
			isa = PBXProject;
			attributes = {
				LastUpgradeCheck = 0730;
				ORGANIZATIONNAME = WarEagles;
				TargetAttributes = {
					65E66F821B7C55BC00DC4B2E = {
						CreatedOnToolsVersion = 6.4;
					};
					65E66F9B1B7C55BC00DC4B2E = {
						CreatedOnToolsVersion = 6.4;
						TestTargetID = 65E66F821B7C55BC00DC4B2E;
					};
				};
			};
			buildConfigurationList = 65E66F7E1B7C55BC00DC4B2E /* Build configuration list for PBXProject "Nines" */;
			compatibilityVersion = "Xcode 3.2";
			developmentRegion = English;
			hasScannedForEncodings = 0;
			knownRegions = (
				en,
				Base,
			);
			mainGroup = 65E66F7A1B7C55BC00DC4B2E;
			productRefGroup = 65E66F841B7C55BC00DC4B2E /* Products */;
			projectDirPath = "";
			projectRoot = "";
			targets = (
				65E66F821B7C55BC00DC4B2E /* Nines */,
				65E66F9B1B7C55BC00DC4B2E /* NinesTests */,
			);
		};
/* End PBXProject section */

/* Begin PBXResourcesBuildPhase section */
		65E66F811B7C55BC00DC4B2E /* Resources */ = {
			isa = PBXResourcesBuildPhase;
			buildActionMask = 2147483647;
			files = (
				65E66FBD1B7C573700DC4B2E /* LaunchScreen.xib in Resources */,
				65E66FBE1B7C573700DC4B2E /* Main.storyboard in Resources */,
				65E66F941B7C55BC00DC4B2E /* Images.xcassets in Resources */,
			);
			runOnlyForDeploymentPostprocessing = 0;
		};
		65E66F9A1B7C55BC00DC4B2E /* Resources */ = {
			isa = PBXResourcesBuildPhase;
			buildActionMask = 2147483647;
			files = (
			);
			runOnlyForDeploymentPostprocessing = 0;
		};
/* End PBXResourcesBuildPhase section */

/* Begin PBXSourcesBuildPhase section */
		65E66F7F1B7C55BC00DC4B2E /* Sources */ = {
			isa = PBXSourcesBuildPhase;
			buildActionMask = 2147483647;
			files = (
				65E66FBF1B7C573700DC4B2E /* AppDelegate.m in Sources */,
				65E66F891B7C55BC00DC4B2E /* main.m in Sources */,
				65E66FC01B7C573700DC4B2E /* GameViewController.m in Sources */,
				654508181B916E9D00F8DEBC /* CardTableViewCell.m in Sources */,
				6545081B1B91775900F8DEBC /* Player.m in Sources */,
				653EBAF11B7C5DC40000607F /* DeckHelper.m in Sources */,
				653EBAED1B7C5D240000607F /* Game.m in Sources */,
				653EBAF51B7C61520000607F /* GameManager.m in Sources */,
				653EBAE41B7C59150000607F /* Card.m in Sources */,
				654508151B916E2B00F8DEBC /* HandViewModel.m in Sources */,
			);
			runOnlyForDeploymentPostprocessing = 0;
		};
		65E66F981B7C55BC00DC4B2E /* Sources */ = {
			isa = PBXSourcesBuildPhase;
			buildActionMask = 2147483647;
			files = (
				65E66FA31B7C55BC00DC4B2E /* NinesTests.m in Sources */,
			);
			runOnlyForDeploymentPostprocessing = 0;
		};
/* End PBXSourcesBuildPhase section */

/* Begin PBXTargetDependency section */
		65E66F9E1B7C55BC00DC4B2E /* PBXTargetDependency */ = {
			isa = PBXTargetDependency;
			target = 65E66F821B7C55BC00DC4B2E /* Nines */;
			targetProxy = 65E66F9D1B7C55BC00DC4B2E /* PBXContainerItemProxy */;
		};
/* End PBXTargetDependency section */

/* Begin XCBuildConfiguration section */
		65E66FA41B7C55BC00DC4B2E /* Debug */ = {
			isa = XCBuildConfiguration;
			buildSettings = {
				ALWAYS_SEARCH_USER_PATHS = NO;
				CLANG_CXX_LANGUAGE_STANDARD = "gnu++0x";
				CLANG_CXX_LIBRARY = "libc++";
				CLANG_ENABLE_MODULES = YES;
				CLANG_ENABLE_OBJC_ARC = YES;
				CLANG_WARN_BOOL_CONVERSION = YES;
				CLANG_WARN_CONSTANT_CONVERSION = YES;
				CLANG_WARN_DIRECT_OBJC_ISA_USAGE = YES_ERROR;
				CLANG_WARN_EMPTY_BODY = YES;
				CLANG_WARN_ENUM_CONVERSION = YES;
				CLANG_WARN_INT_CONVERSION = YES;
				CLANG_WARN_OBJC_ROOT_CLASS = YES_ERROR;
				CLANG_WARN_UNREACHABLE_CODE = YES;
				CLANG_WARN__DUPLICATE_METHOD_MATCH = YES;
				"CODE_SIGN_IDENTITY[sdk=iphoneos*]" = "iPhone Developer";
				COPY_PHASE_STRIP = NO;
				DEBUG_INFORMATION_FORMAT = "dwarf-with-dsym";
				ENABLE_STRICT_OBJC_MSGSEND = YES;
				ENABLE_TESTABILITY = YES;
				GCC_C_LANGUAGE_STANDARD = gnu99;
				GCC_DYNAMIC_NO_PIC = NO;
				GCC_NO_COMMON_BLOCKS = YES;
				GCC_OPTIMIZATION_LEVEL = 0;
				GCC_PREPROCESSOR_DEFINITIONS = (
					"DEBUG=1",
					"$(inherited)",
				);
				GCC_SYMBOLS_PRIVATE_EXTERN = NO;
				GCC_WARN_64_TO_32_BIT_CONVERSION = YES;
				GCC_WARN_ABOUT_RETURN_TYPE = YES_ERROR;
				GCC_WARN_UNDECLARED_SELECTOR = YES;
				GCC_WARN_UNINITIALIZED_AUTOS = YES_AGGRESSIVE;
				GCC_WARN_UNUSED_FUNCTION = YES;
				GCC_WARN_UNUSED_VARIABLE = YES;
				IPHONEOS_DEPLOYMENT_TARGET = 8.4;
				MTL_ENABLE_DEBUG_INFO = YES;
				ONLY_ACTIVE_ARCH = YES;
				SDKROOT = iphoneos;
			};
			name = Debug;
		};
		65E66FA51B7C55BC00DC4B2E /* Release */ = {
			isa = XCBuildConfiguration;
			buildSettings = {
				ALWAYS_SEARCH_USER_PATHS = NO;
				CLANG_CXX_LANGUAGE_STANDARD = "gnu++0x";
				CLANG_CXX_LIBRARY = "libc++";
				CLANG_ENABLE_MODULES = YES;
				CLANG_ENABLE_OBJC_ARC = YES;
				CLANG_WARN_BOOL_CONVERSION = YES;
				CLANG_WARN_CONSTANT_CONVERSION = YES;
				CLANG_WARN_DIRECT_OBJC_ISA_USAGE = YES_ERROR;
				CLANG_WARN_EMPTY_BODY = YES;
				CLANG_WARN_ENUM_CONVERSION = YES;
				CLANG_WARN_INT_CONVERSION = YES;
				CLANG_WARN_OBJC_ROOT_CLASS = YES_ERROR;
				CLANG_WARN_UNREACHABLE_CODE = YES;
				CLANG_WARN__DUPLICATE_METHOD_MATCH = YES;
				"CODE_SIGN_IDENTITY[sdk=iphoneos*]" = "iPhone Developer";
				COPY_PHASE_STRIP = NO;
				DEBUG_INFORMATION_FORMAT = "dwarf-with-dsym";
				ENABLE_NS_ASSERTIONS = NO;
				ENABLE_STRICT_OBJC_MSGSEND = YES;
				GCC_C_LANGUAGE_STANDARD = gnu99;
				GCC_NO_COMMON_BLOCKS = YES;
				GCC_WARN_64_TO_32_BIT_CONVERSION = YES;
				GCC_WARN_ABOUT_RETURN_TYPE = YES_ERROR;
				GCC_WARN_UNDECLARED_SELECTOR = YES;
				GCC_WARN_UNINITIALIZED_AUTOS = YES_AGGRESSIVE;
				GCC_WARN_UNUSED_FUNCTION = YES;
				GCC_WARN_UNUSED_VARIABLE = YES;
				IPHONEOS_DEPLOYMENT_TARGET = 8.4;
				MTL_ENABLE_DEBUG_INFO = NO;
				SDKROOT = iphoneos;
				VALIDATE_PRODUCT = YES;
			};
			name = Release;
		};
		65E66FA71B7C55BC00DC4B2E /* Debug */ = {
			isa = XCBuildConfiguration;
			buildSettings = {
				ASSETCATALOG_COMPILER_APPICON_NAME = AppIcon;
				INFOPLIST_FILE = Nines/Info.plist;
				LD_RUNPATH_SEARCH_PATHS = "$(inherited) @executable_path/Frameworks";
				PRODUCT_BUNDLE_IDENTIFIER = "WarEagles.$(PRODUCT_NAME:rfc1034identifier)";
				PRODUCT_NAME = "$(TARGET_NAME)";
			};
			name = Debug;
		};
		65E66FA81B7C55BC00DC4B2E /* Release */ = {
			isa = XCBuildConfiguration;
			buildSettings = {
				ASSETCATALOG_COMPILER_APPICON_NAME = AppIcon;
				INFOPLIST_FILE = Nines/Info.plist;
				LD_RUNPATH_SEARCH_PATHS = "$(inherited) @executable_path/Frameworks";
				PRODUCT_BUNDLE_IDENTIFIER = "WarEagles.$(PRODUCT_NAME:rfc1034identifier)";
				PRODUCT_NAME = "$(TARGET_NAME)";
			};
			name = Release;
		};
		65E66FAA1B7C55BC00DC4B2E /* Debug */ = {
			isa = XCBuildConfiguration;
			buildSettings = {
				BUNDLE_LOADER = "$(TEST_HOST)";
				FRAMEWORK_SEARCH_PATHS = (
					"$(SDKROOT)/Developer/Library/Frameworks",
					"$(inherited)",
				);
				GCC_PREPROCESSOR_DEFINITIONS = (
					"DEBUG=1",
					"$(inherited)",
				);
				INFOPLIST_FILE = NinesTests/Info.plist;
				LD_RUNPATH_SEARCH_PATHS = "$(inherited) @executable_path/Frameworks @loader_path/Frameworks";
				PRODUCT_BUNDLE_IDENTIFIER = "WarEagles.$(PRODUCT_NAME:rfc1034identifier)";
				PRODUCT_NAME = "$(TARGET_NAME)";
				TEST_HOST = "$(BUILT_PRODUCTS_DIR)/Nines.app/Nines";
			};
			name = Debug;
		};
		65E66FAB1B7C55BC00DC4B2E /* Release */ = {
			isa = XCBuildConfiguration;
			buildSettings = {
				BUNDLE_LOADER = "$(TEST_HOST)";
				FRAMEWORK_SEARCH_PATHS = (
					"$(SDKROOT)/Developer/Library/Frameworks",
					"$(inherited)",
				);
				INFOPLIST_FILE = NinesTests/Info.plist;
				LD_RUNPATH_SEARCH_PATHS = "$(inherited) @executable_path/Frameworks @loader_path/Frameworks";
				PRODUCT_BUNDLE_IDENTIFIER = "WarEagles.$(PRODUCT_NAME:rfc1034identifier)";
				PRODUCT_NAME = "$(TARGET_NAME)";
				TEST_HOST = "$(BUILT_PRODUCTS_DIR)/Nines.app/Nines";
			};
			name = Release;
		};
/* End XCBuildConfiguration section */

/* Begin XCConfigurationList section */
		65E66F7E1B7C55BC00DC4B2E /* Build configuration list for PBXProject "Nines" */ = {
			isa = XCConfigurationList;
			buildConfigurations = (
				65E66FA41B7C55BC00DC4B2E /* Debug */,
				65E66FA51B7C55BC00DC4B2E /* Release */,
			);
			defaultConfigurationIsVisible = 0;
			defaultConfigurationName = Release;
		};
		65E66FA61B7C55BC00DC4B2E /* Build configuration list for PBXNativeTarget "Nines" */ = {
			isa = XCConfigurationList;
			buildConfigurations = (
				65E66FA71B7C55BC00DC4B2E /* Debug */,
				65E66FA81B7C55BC00DC4B2E /* Release */,
			);
			defaultConfigurationIsVisible = 0;
			defaultConfigurationName = Release;
		};
		65E66FA91B7C55BC00DC4B2E /* Build configuration list for PBXNativeTarget "NinesTests" */ = {
			isa = XCConfigurationList;
			buildConfigurations = (
				65E66FAA1B7C55BC00DC4B2E /* Debug */,
				65E66FAB1B7C55BC00DC4B2E /* Release */,
			);
			defaultConfigurationIsVisible = 0;
			defaultConfigurationName = Release;
		};
/* End XCConfigurationList section */
	};
	rootObject = 65E66F7B1B7C55BC00DC4B2E /* Project object */;
}
